
Microsoft Visual Studio Solution File, Format Version 12.00
# Visual Studio Version 16
VisualStudioVersion = 16.0.31911.196
MinimumVisualStudioVersion = 10.0.40219.1
Project("{FAE04EC0-301F-11D3-BF4B-00C04F79EFBC}") = "BloodBanakMVC2", "BloodBanakMVC2\BloodBanakMVC2.csproj", "{A2EFC00F-4989-496C-A8E0-A4185AF595CF}"
EndProject
Global
	GlobalSection(SolutionConfigurationPlatforms) = preSolution
		Debug|Any CPU = Debug|Any CPU
		Release|Any CPU = Release|Any CPU
	EndGlobalSection
	GlobalSection(ProjectConfigurationPlatforms) = postSolution
		{A2EFC00F-4989-496C-A8E0-A4185AF595CF}.Debug|Any CPU.ActiveCfg = Debug|Any CPU
		{A2EFC00F-4989-496C-A8E0-A4185AF595CF}.Debug|Any CPU.Build.0 = Debug|Any CPU
		{A2EFC00F-4989-496C-A8E0-A4185AF595CF}.Release|Any CPU.ActiveCfg = Release|Any CPU
		{A2EFC00F-4989-496C-A8E0-A4185AF595CF}.Release|Any CPU.Build.0 = Release|Any CPU
	EndGlobalSection
	GlobalSection(SolutionProperties) = preSolution
		HideSolutionNode = FALSE
	EndGlobalSection
	GlobalSection(ExtensibilityGlobals) = postSolution
		SolutionGuid = {6A36148A-828A-4500-B862-19AEB38E8020}
	EndGlobalSection
EndGlobal
